lockfileVersion: 6.0
importers:
  .:
    specifiers:
      '@sendgrid/mail': ^8.1.0
      lucide-react: latest
      next: 13.5.11
      node-fetch: ^3.3.2
      react: ^18.2.0
      react-dom: ^18.2.0
    dependencies:
      '@sendgrid/mail': 8.1.0
      lucide-react: 0.367.0
      next: 13.5.11
      node-fetch: 3.3.2
      react: 18.2.0
      react-dom: 18.2.0
packages:
  '@sendgrid/mail@8.1.0':
    resolution: {integrity: sha512-7Y3UX8Jx3b/3kIktFz7w0oRkA7I4gZr6+EqlZ1F3F9Vg2dZk5fJtaX4T6y8w6kB7j1K6vN8Qv0K6bQeJ7E7a0g==}
    engines: {node: '>=6'}
    dependencies:
      '@sendgrid/helpers': 8.1.0
      axios: ^1.6.0
      retry-request: ^7.0.1
  lucide-react@0.367.0:
    resolution: {integrity: sha512-2pWyh6zF9G8l1f6LVbKxWZ4rjD9QwR9HvR1yA2q3E3K9iA7vFzY9tA2gF1z4lQvB6N9wN6kD6p1j1B8w3w4nA==}
  next@13.5.11:
    resolution: {integrity: sha512-8b0U7qX6p3qKfB8gFz5w1F3J8b0F7n2y2Z8s8y1X9f6fA1z0G7b1h2v7b0c8v0w4f9g3t4b1t9r9z9q9b8y0g==}
  node-fetch@3.3.2:
    resolution: {integrity: sha512-7g4+FzY7B4g1hS3k2v1D3nL8j4q7v4lP7p3q0j2x7l9t6rB5x2y6v7z2h5p3l8s5n9y6w7b8f5z6q1y1d2e2w==}
  react@18.2.0:
    resolution: {integrity: sha512-1Dg1zI7xO7C1A1b2j2v1B2a3Z3d5Q3c4l7i8w6p5b9l7r0x8t3h7v1w2r6h9l0g6y2x6w1f2l9q3f0b9c5e7w==}
  react-dom@18.2.0:
    resolution: {integrity: sha512-2s7x6w2q6h8z3f9j4p0z1d5b6v7y4k5t6y3q2w7z7q9b4n4w7e6i1v7b0c8v0w4f9g3t4b1t9r9z9q9b8y0g==}
